{
  "version": 4,
  "terraform_version": "1.7.4",
  "serial": 276,
  "lineage": "f41480ec-b547-1275-5089-31009ff4c687",
  "outputs": {},
  "resources": [
    {
      "mode": "managed",
      "type": "aws_instance",
      "name": "infisical-instance",
      "provider": "provider[\"registry.terraform.io/hashicorp/aws\"]",
      "instances": [
        {
          "schema_version": 1,
          "attributes": {
            "ami": "ami-007020fd9c84e18c7",
            "arn": "arn:aws:ec2:ap-south-1:920644990528:instance/i-01b951f0aa4e6f219",
            "associate_public_ip_address": true,
            "availability_zone": "ap-south-1b",
            "capacity_reservation_specification": [
              {
                "capacity_reservation_preference": "open",
                "capacity_reservation_target": []
              }
            ],
            "cpu_core_count": 1,
            "cpu_options": [
              {
                "amd_sev_snp": "",
                "core_count": 1,
                "threads_per_core": 2
              }
            ],
            "cpu_threads_per_core": 2,
            "credit_specification": [
              {
                "cpu_credits": "unlimited"
              }
            ],
            "disable_api_stop": false,
            "disable_api_termination": false,
            "ebs_block_device": [],
            "ebs_optimized": false,
            "enclave_options": [
              {
                "enabled": false
              }
            ],
            "ephemeral_block_device": [],
            "get_password_data": false,
            "hibernation": false,
            "host_id": "",
            "host_resource_group_arn": null,
            "iam_instance_profile": "",
            "id": "i-01b951f0aa4e6f219",
            "instance_initiated_shutdown_behavior": "stop",
            "instance_lifecycle": "",
            "instance_market_options": [],
            "instance_state": "running",
            "instance_type": "t3.medium",
            "ipv6_address_count": 0,
            "ipv6_addresses": [],
            "key_name": "pradeep-office-machine",
            "launch_template": [],
            "maintenance_options": [
              {
                "auto_recovery": "default"
              }
            ],
            "metadata_options": [
              {
                "http_endpoint": "enabled",
                "http_protocol_ipv6": "disabled",
                "http_put_response_hop_limit": 1,
                "http_tokens": "optional",
                "instance_metadata_tags": "disabled"
              }
            ],
            "monitoring": false,
            "network_interface": [],
            "outpost_arn": "",
            "password_data": "",
            "placement_group": "",
            "placement_partition_number": 0,
            "primary_network_interface_id": "eni-07b42598a4269e768",
            "private_dns": "ip-172-31-14-4.ap-south-1.compute.internal",
            "private_dns_name_options": [
              {
                "enable_resource_name_dns_a_record": false,
                "enable_resource_name_dns_aaaa_record": false,
                "hostname_type": "ip-name"
              }
            ],
            "private_ip": "172.31.14.4",
            "public_dns": "ec2-3-111-36-2.ap-south-1.compute.amazonaws.com",
            "public_ip": "3.111.36.2",
            "root_block_device": [
              {
                "delete_on_termination": true,
                "device_name": "/dev/sda1",
                "encrypted": false,
                "iops": 100,
                "kms_key_id": "",
                "tags": {},
                "tags_all": {},
                "throughput": 0,
                "volume_id": "vol-0b6604b8b00def153",
                "volume_size": 8,
                "volume_type": "gp2"
              }
            ],
            "secondary_private_ips": [],
            "security_groups": [
              "default"
            ],
            "source_dest_check": true,
            "spot_instance_request_id": "",
            "subnet_id": "subnet-85c67dc9",
            "tags": {
              "Name": "Infisical"
            },
            "tags_all": {
              "Name": "Infisical"
            },
            "tenancy": "default",
            "timeouts": null,
            "user_data": "369e1fba9567b3df786db398975da4c34bc3a894",
            "user_data_base64": null,
            "user_data_replace_on_change": false,
            "volume_tags": null,
            "vpc_security_group_ids": [
              "sg-c8df87a5"
            ]
          },
          "sensitive_attributes": [],
          "private": "eyJlMmJmYjczMC1lY2FhLTExZTYtOGY4OC0zNDM2M2JjN2M0YzAiOnsiY3JlYXRlIjo2MDAwMDAwMDAwMDAsImRlbGV0ZSI6MTIwMDAwMDAwMDAwMCwicmVhZCI6OTAwMDAwMDAwMDAwLCJ1cGRhdGUiOjYwMDAwMDAwMDAwMH0sInNjaGVtYV92ZXJzaW9uIjoiMSJ9",
          "dependencies": [
            "aws_key_pair.infisical-key-pair"
          ]
        }
      ]
    },
    {
      "mode": "managed",
      "type": "aws_key_pair",
      "name": "infisical-key-pair",
      "provider": "provider[\"registry.terraform.io/hashicorp/aws\"]",
      "instances": [
        {
          "schema_version": 1,
          "attributes": {
            "arn": "arn:aws:ec2:ap-south-1:920644990528:key-pair/pradeep-office-machine",
            "fingerprint": "ab:b9:81:c7:cb:be:b0:81:47:b4:0e:97:86:e0:33:03",
            "id": "pradeep-office-machine",
            "key_name": "pradeep-office-machine",
            "key_name_prefix": "",
            "key_pair_id": "key-05719863a465b1ca4",
            "key_type": "rsa",
            "public_key": "ssh-rsa AAAAB3NzaC1yc2EAAAADAQABAAABgQDWF1MGDZgBqAMU2CsYhD+VDY4kXum9na/849iSxBP0H9HfVCubDykWZUfMCn4M7rxkLqYoDC+OsyDhPQhjXW9Plx9ggC+B3CBLz/zSwJZF765PzzPpeQQvFsmCyubYbDz1P1/5RjDIiwHsPSP0DlecThRXYm/aWRk/U/CLG48xeXW5RG7I8yfiWq0hAeTqIEbm9B/gSyAwW4f9RUnkYQy71WUMM3qLRffppprGrsp9MKI6JHGJ6Xl5RLn3KXI4W8p7tvrCNN43fX8bBKFjPCtK2R0+WMxpKeP1FyB8i8DT0ZKgNSiVJe0pe4IQseJJYzLO2rt5HUcZsDjGif3ToWxG4gp6cZys+N0cnduXgMkkbzSx/vUHAkHfTEkiegSYw+KmSIJcsQfFc/JZnPaRFv7uAxDFnSUfaDwhhou6uo6pBWoiJo+e1vkxI8OijdTfuB5hAT6a3fLJVjBCqVstu4h5aJcT2w84VUeEEzraFLWjPTsy/LcQLnmwZLFUUtAkvhk= devops-sirpi@devopssirpi-hpprodesk400g7microtowerpc",
            "tags": null,
            "tags_all": {}
          },
          "sensitive_attributes": [],
          "private": "eyJzY2hlbWFfdmVyc2lvbiI6IjEifQ=="
        }
      ]
    },
    {
      "mode": "managed",
      "type": "aws_security_group",
      "name": "infisical-firewall",
      "provider": "provider[\"registry.terraform.io/hashicorp/aws\"]",
      "instances": [
        {
          "schema_version": 1,
          "attributes": {
            "arn": "arn:aws:ec2:ap-south-1:920644990528:security-group/sg-0e1ee9ec24a3e6a06",
            "description": "Rules to limit the traffic to VPN only",
            "egress": [
              {
                "cidr_blocks": [
                  "0.0.0.0/0"
                ],
                "description": "",
                "from_port": 0,
                "ipv6_cidr_blocks": [
                  "::/0"
                ],
                "prefix_list_ids": [],
                "protocol": "-1",
                "security_groups": [],
                "self": false,
                "to_port": 0
              }
            ],
            "id": "sg-0e1ee9ec24a3e6a06",
            "ingress": [
              {
                "cidr_blocks": [
                  "13.127.106.156/32"
                ],
                "description": "Allow SSH from VPN IP only.",
                "from_port": 22,
                "ipv6_cidr_blocks": [],
                "prefix_list_ids": [],
                "protocol": "tcp",
                "security_groups": [],
                "self": false,
                "to_port": 22
              },
              {
                "cidr_blocks": [
                  "13.127.106.156/32"
                ],
                "description": "Allow requests from VPN IP only.",
                "from_port": 443,
                "ipv6_cidr_blocks": [],
                "prefix_list_ids": [],
                "protocol": "tcp",
                "security_groups": [],
                "self": false,
                "to_port": 443
              },
              {
                "cidr_blocks": [
                  "13.127.106.156/32"
                ],
                "description": "Allow requests from VPN IP only.",
                "from_port": 80,
                "ipv6_cidr_blocks": [],
                "prefix_list_ids": [],
                "protocol": "tcp",
                "security_groups": [],
                "self": false,
                "to_port": 80
              }
            ],
            "name": "infisical",
            "name_prefix": "",
            "owner_id": "920644990528",
            "revoke_rules_on_delete": false,
            "tags": null,
            "tags_all": {},
            "timeouts": null,
            "vpc_id": "vpc-93a885fb"
          },
          "sensitive_attributes": [],
          "private": "eyJlMmJmYjczMC1lY2FhLTExZTYtOGY4OC0zNDM2M2JjN2M0YzAiOnsiY3JlYXRlIjo2MDAwMDAwMDAwMDAsImRlbGV0ZSI6OTAwMDAwMDAwMDAwfSwic2NoZW1hX3ZlcnNpb24iOiIxIn0="
        }
      ]
    },
    {
      "mode": "managed",
      "type": "digitalocean_record",
      "name": "infisical_domain_mapping",
      "provider": "provider[\"registry.terraform.io/digitalocean/digitalocean\"]",
      "instances": [
        {
          "schema_version": 0,
          "attributes": {
            "domain": "sirpi.co.in",
            "flags": 0,
            "fqdn": "infisical-test-aws.sirpi.co.in",
            "id": "1735990965",
            "name": "infisical-test-aws",
            "port": 0,
            "priority": 0,
            "tag": "",
            "ttl": 369,
            "type": "A",
            "value": "3.111.36.2",
            "weight": 0
          },
          "sensitive_attributes": [],
          "private": "bnVsbA==",
          "dependencies": [
            "aws_instance.infisical-instance",
            "aws_key_pair.infisical-key-pair",
            "aws_security_group.infisical-firewall"
          ]
        }
      ]
    }
  ],
  "check_results": null
}
